
Microsoft Visual Studio Solution File, Format Version 12.00
# Visual Studio Version 17
VisualStudioVersion = 17.14.36616.10 d17.14
MinimumVisualStudioVersion = 10.0.40219.1
Project("{FAE04EC0-301F-11D3-BF4B-00C04F79EFBC}") = "TechStore.Api", "TechStore.Api.csproj", "{B86073C2-D5E2-45E0-8A10-31656FACB4CD}"
EndProject
Global
	GlobalSection(SolutionConfigurationPlatforms) = preSolution
		Debug|Any CPU = Debug|Any CPU
		Release|Any CPU = Release|Any CPU
	EndGlobalSection
	GlobalSection(ProjectConfigurationPlatforms) = postSolution
		{B86073C2-D5E2-45E0-8A10-31656FACB4CD}.Debug|Any CPU.ActiveCfg = Debug|Any CPU
		{B86073C2-D5E2-45E0-8A10-31656FACB4CD}.Debug|Any CPU.Build.0 = Debug|Any CPU
		{B86073C2-D5E2-45E0-8A10-31656FACB4CD}.Release|Any CPU.ActiveCfg = Release|Any CPU
		{B86073C2-D5E2-45E0-8A10-31656FACB4CD}.Release|Any CPU.Build.0 = Release|Any CPU
	EndGlobalSection
	GlobalSection(SolutionProperties) = preSolution
		HideSolutionNode = FALSE
	EndGlobalSection
	GlobalSection(ExtensibilityGlobals) = postSolution
		SolutionGuid = {6FD4293D-BEE8-4FDF-886F-2A1E131B755E}
	EndGlobalSection
EndGlobal
